{
  "nodes": {
    "arto": {
      "inputs": {
        "crane": "crane",
        "nixpkgs": "nixpkgs"
      },
      "locked": {
        "lastModified": 1777086482,
        "narHash": "sha256-FtBcdM2gee17G75AreuwYd7HajB5bv4lwu8om5pSG3U=",
        "owner": "arto-app",
        "repo": "Arto",
        "rev": "236411f5f547525e0acfa4bf1c9b888cf16463c5",
        "type": "github"
      },
      "original": {
        "owner": "arto-app",
        "repo": "Arto",
        "type": "github"
      }
    },
    "crane": {
      "locked": {
        "lastModified": 1770419512,
        "narHash": "sha256-o8Vcdz6B6bkiGUYkZqFwH3Pv1JwZyXht3dMtS7RchIo=",
        "owner": "ipetkov",
        "repo": "crane",
        "rev": "2510f2cbc3ccd237f700bb213756a8f35c32d8d7",
        "type": "github"
      },
      "original": {
        "owner": "ipetkov",
        "repo": "crane",
        "type": "github"
      }
    },
    "flake-parts": {
      "inputs": {
        "nixpkgs-lib": [
          "neovim-nightly-overlay",
          "nixpkgs"
        ]
      },
      "locked": {
        "lastModified": 1775087534,
        "narHash": "sha256-91qqW8lhL7TLwgQWijoGBbiD4t7/q75KTi8NxjVmSmA=",
        "owner": "hercules-ci",
        "repo": "flake-parts",
        "rev": "3107b77cd68437b9a76194f0f7f9c55f2329ca5b",
        "type": "github"
      },
      "original": {
        "owner": "hercules-ci",
        "repo": "flake-parts",
        "type": "github"
      }
    },
    "home-manager": {
      "inputs": {
        "nixpkgs": [
          "nixpkgs"
        ]
      },
      "locked": {
        "lastModified": 1777594677,
        "narHash": "sha256-h90sHwoRJLRvaTpZroTvU2JRHDFj0czUafM8eqLe1RI=",
        "owner": "nix-community",
        "repo": "home-manager",
        "rev": "899c08a15beae5da51a5cecd6b2b994777a948da",
        "type": "github"
      },
      "original": {
        "owner": "nix-community",
        "repo": "home-manager",
        "type": "github"
      }
    },
    "humanizer-skill": {
      "flake": false,
      "locked": {
        "lastModified": 1775020197,
        "narHash": "sha256-3yO13MKUK/zF36Sq+CACMM401BhtmYz5cZmC5FX4VQw=",
        "owner": "blader",
        "repo": "humanizer",
        "rev": "8b3a17889fbf12bedae20974a3c9f9de746ed754",
        "type": "github"
      },
      "original": {
        "owner": "blader",
        "repo": "humanizer",
        "type": "github"
      }
    },
    "mattpocock-skills": {
      "flake": false,
      "locked": {
        "lastModified": 1777549091,
        "narHash": "sha256-qOhU5bBnT6kI8c7i0r0IyecrgLJNNPlmQtAb6qWM73Q=",
        "owner": "mattpocock",
        "repo": "skills",
        "rev": "b843cb5ea74b1fe5e58a0fc23cddef9e66076fb8",
        "type": "github"
      },
      "original": {
        "owner": "mattpocock",
        "repo": "skills",
        "type": "github"
      }
    },
    "neovim-nightly-overlay": {
      "inputs": {
        "flake-parts": "flake-parts",
        "neovim-src": "neovim-src",
        "nixpkgs": "nixpkgs_2"
      },
      "locked": {
        "lastModified": 1777593985,
        "narHash": "sha256-DS9FjJu4jz2fXiC/8zgOgD7hE6cQ6U9+KFpQW3qcuqM=",
        "owner": "nix-community",
        "repo": "neovim-nightly-overlay",
        "rev": "e37b380a8f86731beb5408d9891290934220b6a4",
        "type": "github"
      },
      "original": {
        "owner": "nix-community",
        "repo": "neovim-nightly-overlay",
        "type": "github"
      }
    },
    "neovim-src": {
      "flake": false,
      "locked": {
        "lastModified": 1777592160,
        "narHash": "sha256-9rjStgxXiwgo0yOvnkga8ZxYakVAKhchbZOS8yT7aew=",
        "owner": "neovim",
        "repo": "neovim",
        "rev": "858cd3d106ca8a7910968dc6bb2dbf4469da342d",
        "type": "github"
      },
      "original": {
        "owner": "neovim",
        "repo": "neovim",
        "type": "github"
      }
    },
    "nixpkgs": {
      "locked": {
        "lastModified": 1776255774,
        "narHash": "sha256-psVTpH6PK3q1htMJpmdz1hLF5pQgEshu7gQWgKO6t6Y=",
        "owner": "NixOS",
        "repo": "nixpkgs",
        "rev": "566acc07c54dc807f91625bb286cb9b321b5f42a",
        "type": "github"
      },
      "original": {
        "owner": "NixOS",
        "ref": "nixpkgs-unstable",
        "repo": "nixpkgs",
        "type": "github"
      }
    },
    "nixpkgs_2": {
      "locked": {
        "lastModified": 1777425547,
        "narHash": "sha256-d57AbflkNfZNoFaZDzssEq1RfPoM9dLtOGI2O+N/68Q=",
        "owner": "NixOS",
        "repo": "nixpkgs",
        "rev": "ebc08544afa77957cc348ba72dc490ec73b87f68",
        "type": "github"
      },
      "original": {
        "owner": "NixOS",
        "ref": "nixpkgs-unstable",
        "repo": "nixpkgs",
        "type": "github"
      }
    },
    "nixpkgs_3": {
      "locked": {
        "lastModified": 1777268161,
        "narHash": "sha256-bxrdOn8SCOv8tN4JbTF/TXq7kjo9ag4M+C8yzzIRYbE=",
        "owner": "nixos",
        "repo": "nixpkgs",
        "rev": "1c3fe55ad329cbcb28471bb30f05c9827f724c76",
        "type": "github"
      },
      "original": {
        "owner": "nixos",
        "ref": "nixos-unstable",
        "repo": "nixpkgs",
        "type": "github"
      }
    },
    "nixpkgs_4": {
      "locked": {
        "lastModified": 1776683584,
        "narHash": "sha256-NuTLMrr10Tng72hurYG8jYQ4XKK8wnpJmOGcPiis96g=",
        "owner": "NixOS",
        "repo": "nixpkgs",
        "rev": "9dd5558b06dbdacbf635a3dd36dce1b1a7ee3a89",
        "type": "github"
      },
      "original": {
        "owner": "NixOS",
        "ref": "nixpkgs-unstable",
        "repo": "nixpkgs",
        "type": "github"
      }
    },
    "opencode": {
      "inputs": {
        "nixpkgs": "nixpkgs_4"
      },
      "locked": {
        "lastModified": 1777613962,
        "narHash": "sha256-cAyALO+C6uK97WgbkBS0kvqbcxw/rM65ONALjBUooV8=",
        "owner": "anomalyco",
        "repo": "opencode",
        "rev": "a5aa72bd7d6767ae491f603ac4ba19a48b099bd1",
        "type": "github"
      },
      "original": {
        "owner": "anomalyco",
        "repo": "opencode",
        "type": "github"
      }
    },
    "root": {
      "inputs": {
        "arto": "arto",
        "home-manager": "home-manager",
        "humanizer-skill": "humanizer-skill",
        "mattpocock-skills": "mattpocock-skills",
        "neovim-nightly-overlay": "neovim-nightly-overlay",
        "nixpkgs": "nixpkgs_3",
        "opencode": "opencode",
        "sops-nix": "sops-nix"
      }
    },
    "sops-nix": {
      "inputs": {
        "nixpkgs": [
          "nixpkgs"
        ]
      },
      "locked": {
        "lastModified": 1777338324,
        "narHash": "sha256-bc+ZZCmOTNq86/svGnw0tVpH7vJaLYvGLLKFYP08Q8E=",
        "owner": "Mic92",
        "repo": "sops-nix",
        "rev": "8eaee5c45428b28b8c47a83e4c09dccec5f279b5",
        "type": "github"
      },
      "original": {
        "owner": "Mic92",
        "repo": "sops-nix",
        "type": "github"
      }
    }
  },
  "root": "root",
  "version": 7
}
